
Microsoft Visual Studio Solution File, Format Version 12.00
# Visual Studio Version 16
VisualStudioVersion = 16.0.31729.503
MinimumVisualStudioVersion = 10.0.40219.1
Project("{FAE04EC0-301F-11D3-BF4B-00C04F79EFBC}") = "ExampleAPI", "ExampleAPI\ExampleAPI.csproj", "{E1B42028-29C8-426B-B578-419CDEEB0A1F}"
	ProjectSection(ProjectDependencies) = postProject
		{3E1A6A2D-31A0-4CC3-83BD-502677859D90} = {3E1A6A2D-31A0-4CC3-83BD-502677859D90}
	EndProjectSection
EndProject
Project("{FAE04EC0-301F-11D3-BF4B-00C04F79EFBC}") = "Example.Entities", "Example.Entities\Example.Entities.csproj", "{9F1771E8-D5E2-4D90-928E-4EB0E21631EB}"
EndProject
Project("{FAE04EC0-301F-11D3-BF4B-00C04F79EFBC}") = "Example.DataAccessLayer", "Example.DataAccessLayer\Example.DataAccessLayer.csproj", "{771E7323-9304-471F-A48C-4AA9879584F6}"
EndProject
Project("{FAE04EC0-301F-11D3-BF4B-00C04F79EFBC}") = "ExampleMVC", "ExampleMVC\ExampleMVC.csproj", "{3E1A6A2D-31A0-4CC3-83BD-502677859D90}"
EndProject
Global
	GlobalSection(SolutionConfigurationPlatforms) = preSolution
		Debug|Any CPU = Debug|Any CPU
		Release|Any CPU = Release|Any CPU
	EndGlobalSection
	GlobalSection(ProjectConfigurationPlatforms) = postSolution
		{E1B42028-29C8-426B-B578-419CDEEB0A1F}.Debug|Any CPU.ActiveCfg = Debug|Any CPU
		{E1B42028-29C8-426B-B578-419CDEEB0A1F}.Debug|Any CPU.Build.0 = Debug|Any CPU
		{E1B42028-29C8-426B-B578-419CDEEB0A1F}.Release|Any CPU.ActiveCfg = Release|Any CPU
		{E1B42028-29C8-426B-B578-419CDEEB0A1F}.Release|Any CPU.Build.0 = Release|Any CPU
		{9F1771E8-D5E2-4D90-928E-4EB0E21631EB}.Debug|Any CPU.ActiveCfg = Debug|Any CPU
		{9F1771E8-D5E2-4D90-928E-4EB0E21631EB}.Debug|Any CPU.Build.0 = Debug|Any CPU
		{9F1771E8-D5E2-4D90-928E-4EB0E21631EB}.Release|Any CPU.ActiveCfg = Release|Any CPU
		{9F1771E8-D5E2-4D90-928E-4EB0E21631EB}.Release|Any CPU.Build.0 = Release|Any CPU
		{771E7323-9304-471F-A48C-4AA9879584F6}.Debug|Any CPU.ActiveCfg = Debug|Any CPU
		{771E7323-9304-471F-A48C-4AA9879584F6}.Debug|Any CPU.Build.0 = Debug|Any CPU
		{771E7323-9304-471F-A48C-4AA9879584F6}.Release|Any CPU.ActiveCfg = Release|Any CPU
		{771E7323-9304-471F-A48C-4AA9879584F6}.Release|Any CPU.Build.0 = Release|Any CPU
		{3E1A6A2D-31A0-4CC3-83BD-502677859D90}.Debug|Any CPU.ActiveCfg = Debug|Any CPU
		{3E1A6A2D-31A0-4CC3-83BD-502677859D90}.Debug|Any CPU.Build.0 = Debug|Any CPU
		{3E1A6A2D-31A0-4CC3-83BD-502677859D90}.Release|Any CPU.ActiveCfg = Release|Any CPU
		{3E1A6A2D-31A0-4CC3-83BD-502677859D90}.Release|Any CPU.Build.0 = Release|Any CPU
	EndGlobalSection
	GlobalSection(SolutionProperties) = preSolution
		HideSolutionNode = FALSE
	EndGlobalSection
	GlobalSection(ExtensibilityGlobals) = postSolution
		SolutionGuid = {27BEA9EF-1F0B-4102-8507-7F251FB42A22}
	EndGlobalSection
EndGlobal
